
Microsoft Visual Studio Solution File, Format Version 12.00
# Visual Studio Version 17
VisualStudioVersion = 17.7.34024.191
MinimumVisualStudioVersion = 10.0.40219.1
Project("{FAE04EC0-301F-11D3-BF4B-00C04F79EFBC}") = "26.2_TheOldRobot", "26.2_TheOldRobot\26.2_TheOldRobot.csproj", "{3A429A76-30CB-4196-8CDC-52E172D0BA15}"
EndProject
Global
	GlobalSection(SolutionConfigurationPlatforms) = preSolution
		Debug|Any CPU = Debug|Any CPU
		Release|Any CPU = Release|Any CPU
	EndGlobalSection
	GlobalSection(ProjectConfigurationPlatforms) = postSolution
		{3A429A76-30CB-4196-8CDC-52E172D0BA15}.Debug|Any CPU.ActiveCfg = Debug|Any CPU
		{3A429A76-30CB-4196-8CDC-52E172D0BA15}.Debug|Any CPU.Build.0 = Debug|Any CPU
		{3A429A76-30CB-4196-8CDC-52E172D0BA15}.Release|Any CPU.ActiveCfg = Release|Any CPU
		{3A429A76-30CB-4196-8CDC-52E172D0BA15}.Release|Any CPU.Build.0 = Release|Any CPU
	EndGlobalSection
	GlobalSection(SolutionProperties) = preSolution
		HideSolutionNode = FALSE
	EndGlobalSection
	GlobalSection(ExtensibilityGlobals) = postSolution
		SolutionGuid = {B5CCA444-B68A-4F16-932E-212347417E02}
	EndGlobalSection
EndGlobal
